// !$*UTF8*$!
{
	archiveVersion = 1;
	classes = {
	};
	objectVersion = 48;
	objects = {

/* Begin PBXBuildFile section */
		1F80CD789D419FA883C0019B /* Pods_michikusaTests.framework in Frameworks */ = {isa = PBXBuildFile; fileRef = 0CD0765B2DCF0A6226143079 /* Pods_michikusaTests.framework */; };
		52994E85169AB5470210BC85 /* Pods_michikusaUITests.framework in Frameworks */ = {isa = PBXBuildFile; fileRef = 86890197DC8F67BCF28CF386 /* Pods_michikusaUITests.framework */; };
		6461C56F205E288B00ADE3BE /* AppDelegate.swift in Sources */ = {isa = PBXBuildFile; fileRef = 6461C56E205E288B00ADE3BE /* AppDelegate.swift */; };
		6461C571205E288B00ADE3BE /* ViewController.swift in Sources */ = {isa = PBXBuildFile; fileRef = 6461C570205E288B00ADE3BE /* ViewController.swift */; };
		6461C574205E288B00ADE3BE /* Main.storyboard in Resources */ = {isa = PBXBuildFile; fileRef = 6461C572205E288B00ADE3BE /* Main.storyboard */; };
		6461C576205E288B00ADE3BE /* Assets.xcassets in Resources */ = {isa = PBXBuildFile; fileRef = 6461C575205E288B00ADE3BE /* Assets.xcassets */; };
		6461C579205E288B00ADE3BE /* LaunchScreen.storyboard in Resources */ = {isa = PBXBuildFile; fileRef = 6461C577205E288B00ADE3BE /* LaunchScreen.storyboard */; };
		6461C584205E288B00ADE3BE /* michikusaTests.swift in Sources */ = {isa = PBXBuildFile; fileRef = 6461C583205E288B00ADE3BE /* michikusaTests.swift */; };
		6461C58F205E288B00ADE3BE /* michikusaUITests.swift in Sources */ = {isa = PBXBuildFile; fileRef = 6461C58E205E288B00ADE3BE /* michikusaUITests.swift */; };
		6469F5E920941C2900597B44 /* PickerKeyboard.swift in Sources */ = {isa = PBXBuildFile; fileRef = 6469F5E820941C2900597B44 /* PickerKeyboard.swift */; };
		6469F5EB20945A3900597B44 /* googlemap_webview.html in Resources */ = {isa = PBXBuildFile; fileRef = 6469F5EA20945A3900597B44 /* googlemap_webview.html */; };
		6469F5ED2094607400597B44 /* googlemap_webview.js in Resources */ = {isa = PBXBuildFile; fileRef = 6469F5EC2094607400597B44 /* googlemap_webview.js */; };
		64CB87542078B29000B13FE9 /* NextViewController.swift in Sources */ = {isa = PBXBuildFile; fileRef = 64CB87532078B29000B13FE9 /* NextViewController.swift */; };
		64CB87562078B5F000B13FE9 /* RangeAndGenreViewController.swift in Sources */ = {isa = PBXBuildFile; fileRef = 64CB87552078B5F000B13FE9 /* RangeAndGenreViewController.swift */; };
		64CB87582078B79900B13FE9 /* SelectMichikusaViewController.swift in Sources */ = {isa = PBXBuildFile; fileRef = 64CB87572078B79900B13FE9 /* SelectMichikusaViewController.swift */; };
		CFBAFC9EA829858DFDBA91CE /* Pods_michikusa.framework in Frameworks */ = {isa = PBXBuildFile; fileRef = 5AF5B77D3220271D7FF74CA6 /* Pods_michikusa.framework */; };
/* End PBXBuildFile section */

/* Begin PBXContainerItemProxy section */
		6461C580205E288B00ADE3BE /* PBXContainerItemProxy */ = {
			isa = PBXContainerItemProxy;
			containerPortal = 6461C563205E288B00ADE3BE /* Project object */;
			proxyType = 1;
			remoteGlobalIDString = 6461C56A205E288B00ADE3BE;
			remoteInfo = michikusa;
		};
		6461C58B205E288B00ADE3BE /* PBXContainerItemProxy */ = {
			isa = PBXContainerItemProxy;
			containerPortal = 6461C563205E288B00ADE3BE /* Project object */;
			proxyType = 1;
			remoteGlobalIDString = 6461C56A205E288B00ADE3BE;
			remoteInfo = michikusa;
		};
/* End PBXContainerItemProxy section */

/* Begin PBXFileReference section */
		0696C07DC06679D1E94A3CAF /* Pods-michikusaUITests.debug.xcconfig */ = {isa = PBXFileReference; includeInIndex = 1; lastKnownFileType = text.xcconfig; name = "Pods-michikusaUITests.debug.xcconfig"; path = "Pods/Target Support Files/Pods-michikusaUITests/Pods-michikusaUITests.debug.xcconfig"; sourceTree = "<group>"; };
		0CD0765B2DCF0A6226143079 /* Pods_michikusaTests.framework */ = {isa = PBXFileReference; explicitFileType = wrapper.framework; includeInIndex = 0; path = Pods_michikusaTests.framework; sourceTree = BUILT_PRODUCTS_DIR; };
		2E0E719D36DB05431033C329 /* Pods-michikusa.debug.xcconfig */ = {isa = PBXFileReference; includeInIndex = 1; lastKnownFileType = text.xcconfig; name = "Pods-michikusa.debug.xcconfig"; path = "Pods/Target Support Files/Pods-michikusa/Pods-michikusa.debug.xcconfig"; sourceTree = "<group>"; };
		5AF5B77D3220271D7FF74CA6 /* Pods_michikusa.framework */ = {isa = PBXFileReference; explicitFileType = wrapper.framework; includeInIndex = 0; path = Pods_michikusa.framework; sourceTree = BUILT_PRODUCTS_DIR; };
		6461C56B205E288B00ADE3BE /* michikusa.app */ = {isa = PBXFileReference; explicitFileType = wrapper.application; includeInIndex = 0; path = michikusa.app; sourceTree = BUILT_PRODUCTS_DIR; };
		6461C56E205E288B00ADE3BE /* AppDelegate.swift */ = {isa = PBXFileReference; lastKnownFileType = sourcecode.swift; path = AppDelegate.swift; sourceTree = "<group>"; };
		6461C570205E288B00ADE3BE /* ViewController.swift */ = {isa = PBXFileReference; lastKnownFileType = sourcecode.swift; path = ViewController.swift; sourceTree = "<group>"; };
		6461C573205E288B00ADE3BE /* Base */ = {isa = PBXFileReference; lastKnownFileType = file.storyboard; name = Base; path = Base.lproj/Main.storyboard; sourceTree = "<group>"; };
		6461C575205E288B00ADE3BE /* Assets.xcassets */ = {isa = PBXFileReference; lastKnownFileType = folder.assetcatalog; path = Assets.xcassets; sourceTree = "<group>"; };
		6461C578205E288B00ADE3BE /* Base */ = {isa = PBXFileReference; lastKnownFileType = file.storyboard; name = Base; path = Base.lproj/LaunchScreen.storyboard; sourceTree = "<group>"; };
		6461C57A205E288B00ADE3BE /* Info.plist */ = {isa = PBXFileReference; lastKnownFileType = text.plist.xml; path = Info.plist; sourceTree = "<group>"; };
		6461C57F205E288B00ADE3BE /* michikusaTests.xctest */ = {isa = PBXFileReference; explicitFileType = wrapper.cfbundle; includeInIndex = 0; path = michikusaTests.xctest; sourceTree = BUILT_PRODUCTS_DIR; };
		6461C583205E288B00ADE3BE /* michikusaTests.swift */ = {isa = PBXFileReference; lastKnownFileType = sourcecode.swift; path = michikusaTests.swift; sourceTree = "<group>"; };
		6461C585205E288B00ADE3BE /* Info.plist */ = {isa = PBXFileReference; lastKnownFileType = text.plist.xml; path = Info.plist; sourceTree = "<group>"; };
		6461C58A205E288B00ADE3BE /* michikusaUITests.xctest */ = {isa = PBXFileReference; explicitFileType = wrapper.cfbundle; includeInIndex = 0; path = michikusaUITests.xctest; sourceTree = BUILT_PRODUCTS_DIR; };
		6461C58E205E288B00ADE3BE /* michikusaUITests.swift */ = {isa = PBXFileReference; lastKnownFileType = sourcecode.swift; path = michikusaUITests.swift; sourceTree = "<group>"; };
		6461C590205E288B00ADE3BE /* Info.plist */ = {isa = PBXFileReference; lastKnownFileType = text.plist.xml; path = Info.plist; sourceTree = "<group>"; };
		6469F5E820941C2900597B44 /* PickerKeyboard.swift */ = {isa = PBXFileReference; lastKnownFileType = sourcecode.swift; path = PickerKeyboard.swift; sourceTree = "<group>"; };
		6469F5EA20945A3900597B44 /* googlemap_webview.html */ = {isa = PBXFileReference; lastKnownFileType = text.html; path = googlemap_webview.html; sourceTree = "<group>"; };
		6469F5EC2094607400597B44 /* googlemap_webview.js */ = {isa = PBXFileReference; lastKnownFileType = sourcecode.javascript; path = googlemap_webview.js; sourceTree = "<group>"; };
		64CB87532078B29000B13FE9 /* NextViewController.swift */ = {isa = PBXFileReference; lastKnownFileType = sourcecode.swift; path = NextViewController.swift; sourceTree = "<group>"; };
		64CB87552078B5F000B13FE9 /* RangeAndGenreViewController.swift */ = {isa = PBXFileReference; lastKnownFileType = sourcecode.swift; path = RangeAndGenreViewController.swift; sourceTree = "<group>"; };
		64CB87572078B79900B13FE9 /* SelectMichikusaViewController.swift */ = {isa = PBXFileReference; lastKnownFileType = sourcecode.swift; path = SelectMichikusaViewController.swift; sourceTree = "<group>"; };
		6A4E70FE0E2611A7FCA31F90 /* Pods-michikusaTests.release.xcconfig */ = {isa = PBXFileReference; includeInIndex = 1; lastKnownFileType = text.xcconfig; name = "Pods-michikusaTests.release.xcconfig"; path = "Pods/Target Support Files/Pods-michikusaTests/Pods-michikusaTests.release.xcconfig"; sourceTree = "<group>"; };
		7E002ACF6704673D31284A7E /* Pods-michikusa.release.xcconfig */ = {isa = PBXFileReference; includeInIndex = 1; lastKnownFileType = text.xcconfig; name = "Pods-michikusa.release.xcconfig"; path = "Pods/Target Support Files/Pods-michikusa/Pods-michikusa.release.xcconfig"; sourceTree = "<group>"; };
		86890197DC8F67BCF28CF386 /* Pods_michikusaUITests.framework */ = {isa = PBXFileReference; explicitFileType = wrapper.framework; includeInIndex = 0; path = Pods_michikusaUITests.framework; sourceTree = BUILT_PRODUCTS_DIR; };
		924EBCE5880FFC5764786D80 /* Pods-michikusaUITests.release.xcconfig */ = {isa = PBXFileReference; includeInIndex = 1; lastKnownFileType = text.xcconfig; name = "Pods-michikusaUITests.release.xcconfig"; path = "Pods/Target Support Files/Pods-michikusaUITests/Pods-michikusaUITests.release.xcconfig"; sourceTree = "<group>"; };
		B691C6CE21B0CA1B811C7A5F /* Pods-michikusaTests.debug.xcconfig */ = {isa = PBXFileReference; includeInIndex = 1; lastKnownFileType = text.xcconfig; name = "Pods-michikusaTests.debug.xcconfig"; path = "Pods/Target Support Files/Pods-michikusaTests/Pods-michikusaTests.debug.xcconfig"; sourceTree = "<group>"; };
/* End PBXFileReference section */

/* Begin PBXFrameworksBuildPhase section */
		6461C568205E288B00ADE3BE /* Frameworks */ = {
			isa = PBXFrameworksBuildPhase;
			buildActionMask = 2147483647;
			files = (
				CFBAFC9EA829858DFDBA91CE /* Pods_michikusa.framework in Frameworks */,
			);
			runOnlyForDeploymentPostprocessing = 0;
		};
		6461C57C205E288B00ADE3BE /* Frameworks */ = {
			isa = PBXFrameworksBuildPhase;
			buildActionMask = 2147483647;
			files = (
				1F80CD789D419FA883C0019B /* Pods_michikusaTests.framework in Frameworks */,
			);
			runOnlyForDeploymentPostprocessing = 0;
		};
		6461C587205E288B00ADE3BE /* Frameworks */ = {
			isa = PBXFrameworksBuildPhase;
			buildActionMask = 2147483647;
			files = (
				52994E85169AB5470210BC85 /* Pods_michikusaUITests.framework in Frameworks */,
			);
			runOnlyForDeploymentPostprocessing = 0;
		};
/* End PBXFrameworksBuildPhase section */

/* Begin PBXGroup section */
		63381490C436804D15393653 /* Frameworks */ = {
			isa = PBXGroup;
			children = (
				5AF5B77D3220271D7FF74CA6 /* Pods_michikusa.framework */,
				0CD0765B2DCF0A6226143079 /* Pods_michikusaTests.framework */,
				86890197DC8F67BCF28CF386 /* Pods_michikusaUITests.framework */,
			);
			name = Frameworks;
			sourceTree = "<group>";
		};
		6461C562205E288B00ADE3BE = {
			isa = PBXGroup;
			children = (
				6461C56D205E288B00ADE3BE /* michikusa */,
				6461C582205E288B00ADE3BE /* michikusaTests */,
				6461C58D205E288B00ADE3BE /* michikusaUITests */,
				6461C56C205E288B00ADE3BE /* Products */,
				77AC9F9CFB330382887713DD /* Pods */,
				63381490C436804D15393653 /* Frameworks */,
			);
			sourceTree = "<group>";
		};
		6461C56C205E288B00ADE3BE /* Products */ = {
			isa = PBXGroup;
			children = (
				6461C56B205E288B00ADE3BE /* michikusa.app */,
				6461C57F205E288B00ADE3BE /* michikusaTests.xctest */,
				6461C58A205E288B00ADE3BE /* michikusaUITests.xctest */,
			);
			name = Products;
			sourceTree = "<group>";
		};
		6461C56D205E288B00ADE3BE /* michikusa */ = {
			isa = PBXGroup;
			children = (
				6461C56E205E288B00ADE3BE /* AppDelegate.swift */,
				6461C570205E288B00ADE3BE /* ViewController.swift */,
				6461C572205E288B00ADE3BE /* Main.storyboard */,
				64CB87572078B79900B13FE9 /* SelectMichikusaViewController.swift */,
				64CB87552078B5F000B13FE9 /* RangeAndGenreViewController.swift */,
				6461C575205E288B00ADE3BE /* Assets.xcassets */,
				6461C577205E288B00ADE3BE /* LaunchScreen.storyboard */,
				6461C57A205E288B00ADE3BE /* Info.plist */,
				64CB87532078B29000B13FE9 /* NextViewController.swift */,
				6469F5E820941C2900597B44 /* PickerKeyboard.swift */,
				6469F5EA20945A3900597B44 /* googlemap_webview.html */,
				6469F5EC2094607400597B44 /* googlemap_webview.js */,
			);
			path = michikusa;
			sourceTree = "<group>";
		};
		6461C582205E288B00ADE3BE /* michikusaTests */ = {
			isa = PBXGroup;
			children = (
				6461C583205E288B00ADE3BE /* michikusaTests.swift */,
				6461C585205E288B00ADE3BE /* Info.plist */,
			);
			path = michikusaTests;
			sourceTree = "<group>";
		};
		6461C58D205E288B00ADE3BE /* michikusaUITests */ = {
			isa = PBXGroup;
			children = (
				6461C58E205E288B00ADE3BE /* michikusaUITests.swift */,
				6461C590205E288B00ADE3BE /* Info.plist */,
			);
			path = michikusaUITests;
			sourceTree = "<group>";
		};
		77AC9F9CFB330382887713DD /* Pods */ = {
			isa = PBXGroup;
			children = (
				2E0E719D36DB05431033C329 /* Pods-michikusa.debug.xcconfig */,
				7E002ACF6704673D31284A7E /* Pods-michikusa.release.xcconfig */,
				B691C6CE21B0CA1B811C7A5F /* Pods-michikusaTests.debug.xcconfig */,
				6A4E70FE0E2611A7FCA31F90 /* Pods-michikusaTests.release.xcconfig */,
				0696C07DC06679D1E94A3CAF /* Pods-michikusaUITests.debug.xcconfig */,
				924EBCE5880FFC5764786D80 /* Pods-michikusaUITests.release.xcconfig */,
			);
			name = Pods;
			sourceTree = "<group>";
		};
/* End PBXGroup section */

/* Begin PBXNativeTarget section */
		6461C56A205E288B00ADE3BE /* michikusa */ = {
			isa = PBXNativeTarget;
			buildConfigurationList = 6461C593205E288B00ADE3BE /* Build configuration list for PBXNativeTarget "michikusa" */;
			buildPhases = (
				15A7F0A828FC757116E95B58 /* [CP] Check Pods Manifest.lock */,
				6461C567205E288B00ADE3BE /* Sources */,
				6461C568205E288B00ADE3BE /* Frameworks */,
				6461C569205E288B00ADE3BE /* Resources */,
				D9EEE678A69B80998E1722F1 /* [CP] Embed Pods Frameworks */,
				6D377D4AD90CE47D0FBAD54F /* [CP] Copy Pods Resources */,
			);
			buildRules = (
			);
			dependencies = (
			);
			name = michikusa;
			productName = michikusa;
			productReference = 6461C56B205E288B00ADE3BE /* michikusa.app */;
			productType = "com.apple.product-type.application";
		};
		6461C57E205E288B00ADE3BE /* michikusaTests */ = {
			isa = PBXNativeTarget;
			buildConfigurationList = 6461C596205E288B00ADE3BE /* Build configuration list for PBXNativeTarget "michikusaTests" */;
			buildPhases = (
				094CAD6E85C9F9FA8ACD73E2 /* [CP] Check Pods Manifest.lock */,
				6461C57B205E288B00ADE3BE /* Sources */,
				6461C57C205E288B00ADE3BE /* Frameworks */,
				6461C57D205E288B00ADE3BE /* Resources */,
				95771458A9C40C05170440A9 /* [CP] Embed Pods Frameworks */,
				158353DC3A05D31E75748805 /* [CP] Copy Pods Resources */,
			);
			buildRules = (
			);
			dependencies = (
				6461C581205E288B00ADE3BE /* PBXTargetDependency */,
			);
			name = michikusaTests;
			productName = michikusaTests;
			productReference = 6461C57F205E288B00ADE3BE /* michikusaTests.xctest */;
			productType = "com.apple.product-type.bundle.unit-test";
		};
		6461C589205E288B00ADE3BE /* michikusaUITests */ = {
			isa = PBXNativeTarget;
			buildConfigurationList = 6461C599205E288B00ADE3BE /* Build configuration list for PBXNativeTarget "michikusaUITests" */;
			buildPhases = (
				909E9E30AA66F0FC81A1645C /* [CP] Check Pods Manifest.lock */,
				6461C586205E288B00ADE3BE /* Sources */,
				6461C587205E288B00ADE3BE /* Frameworks */,
				6461C588205E288B00ADE3BE /* Resources */,
				6DD300BEBE62058323523922 /* [CP] Embed Pods Frameworks */,
				17B2A46D611737C67B8FC6CD /* [CP] Copy Pods Resources */,
			);
			buildRules = (
			);
			dependencies = (
				6461C58C205E288B00ADE3BE /* PBXTargetDependency */,
			);
			name = michikusaUITests;
			productName = michikusaUITests;
			productReference = 6461C58A205E288B00ADE3BE /* michikusaUITests.xctest */;
			productType = "com.apple.product-type.bundle.ui-testing";
		};
/* End PBXNativeTarget section */

/* Begin PBXProject section */
		6461C563205E288B00ADE3BE /* Project object */ = {
			isa = PBXProject;
			attributes = {
				LastSwiftUpdateCheck = 0920;
				LastUpgradeCheck = 0930;
				ORGANIZATIONNAME = "玉越敬典";
				TargetAttributes = {
					6461C56A205E288B00ADE3BE = {
						CreatedOnToolsVersion = 9.2;
						ProvisioningStyle = Automatic;
					};
					6461C57E205E288B00ADE3BE = {
						CreatedOnToolsVersion = 9.2;
						ProvisioningStyle = Automatic;
						TestTargetID = 6461C56A205E288B00ADE3BE;
					};
					6461C589205E288B00ADE3BE = {
						CreatedOnToolsVersion = 9.2;
						ProvisioningStyle = Automatic;
						TestTargetID = 6461C56A205E288B00ADE3BE;
					};
				};
			};
			buildConfigurationList = 6461C566205E288B00ADE3BE /* Build configuration list for PBXProject "michikusa" */;
			compatibilityVersion = "Xcode 8.0";
			developmentRegion = en;
			hasScannedForEncodings = 0;
			knownRegions = (
				en,
				Base,
			);
			mainGroup = 6461C562205E288B00ADE3BE;
			productRefGroup = 6461C56C205E288B00ADE3BE /* Products */;
			projectDirPath = "";
			projectRoot = "";
			targets = (
				6461C56A205E288B00ADE3BE /* michikusa */,
				6461C57E205E288B00ADE3BE /* michikusaTests */,
				6461C589205E288B00ADE3BE /* michikusaUITests */,
			);
		};
/* End PBXProject section */

/* Begin PBXResourcesBuildPhase section */
		6461C569205E288B00ADE3BE /* Resources */ = {
			isa = PBXResourcesBuildPhase;
			buildActionMask = 2147483647;
			files = (
				6469F5EB20945A3900597B44 /* googlemap_webview.html in Resources */,
				6461C579205E288B00ADE3BE /* LaunchScreen.storyboard in Resources */,
				6461C576205E288B00ADE3BE /* Assets.xcassets in Resources */,
				6461C574205E288B00ADE3BE /* Main.storyboard in Resources */,
				6469F5ED2094607400597B44 /* googlemap_webview.js in Resources */,
			);
			runOnlyForDeploymentPostprocessing = 0;
		};
		6461C57D205E288B00ADE3BE /* Resources */ = {
			isa = PBXResourcesBuildPhase;
			buildActionMask = 2147483647;
			files = (
			);
			runOnlyForDeploymentPostprocessing = 0;
		};
		6461C588205E288B00ADE3BE /* Resources */ = {
			isa = PBXResourcesBuildPhase;
			buildActionMask = 2147483647;
			files = (
			);
			runOnlyForDeploymentPostprocessing = 0;
		};
/* End PBXResourcesBuildPhase section */

/* Begin PBXShellScriptBuildPhase section */
		094CAD6E85C9F9FA8ACD73E2 /* [CP] Check Pods Manifest.lock */ = {
			isa = PBXShellScriptBuildPhase;
			buildActionMask = 2147483647;
			files = (
			);
			inputPaths = (
				"${PODS_PODFILE_DIR_PATH}/Podfile.lock",
				"${PODS_ROOT}/Manifest.lock",
			);
			name = "[CP] Check Pods Manifest.lock";
			outputPaths = (
				"$(DERIVED_FILE_DIR)/Pods-michikusaTests-checkManifestLockResult.txt",
			);
			runOnlyForDeploymentPostprocessing = 0;
			shellPath = /bin/sh;
			shellScript = "diff \"${PODS_PODFILE_DIR_PATH}/Podfile.lock\" \"${PODS_ROOT}/Manifest.lock\" > /dev/null\nif [ $? != 0 ] ; then\n    # print error to STDERR\n    echo \"error: The sandbox is not in sync with the Podfile.lock. Run 'pod install' or update your CocoaPods installation.\" >&2\n    exit 1\nfi\n# This output is used by Xcode 'outputs' to avoid re-running this script phase.\necho \"SUCCESS\" > \"${SCRIPT_OUTPUT_FILE_0}\"\n";
			showEnvVarsInLog = 0;
		};
		158353DC3A05D31E75748805 /* [CP] Copy Pods Resources */ = {
			isa = PBXShellScriptBuildPhase;
			buildActionMask = 2147483647;
			files = (
			);
			inputPaths = (
			);
			name = "[CP] Copy Pods Resources";
			outputPaths = (
			);
			runOnlyForDeploymentPostprocessing = 0;
			shellPath = /bin/sh;
			shellScript = "\"${SRCROOT}/Pods/Target Support Files/Pods-michikusaTests/Pods-michikusaTests-resources.sh\"\n";
			showEnvVarsInLog = 0;
		};
		15A7F0A828FC757116E95B58 /* [CP] Check Pods Manifest.lock */ = {
			isa = PBXShellScriptBuildPhase;
			buildActionMask = 2147483647;
			files = (
			);
			inputPaths = (
				"${PODS_PODFILE_DIR_PATH}/Podfile.lock",
				"${PODS_ROOT}/Manifest.lock",
			);
			name = "[CP] Check Pods Manifest.lock";
			outputPaths = (
				"$(DERIVED_FILE_DIR)/Pods-michikusa-checkManifestLockResult.txt",
			);
			runOnlyForDeploymentPostprocessing = 0;
			shellPath = /bin/sh;
			shellScript = "diff \"${PODS_PODFILE_DIR_PATH}/Podfile.lock\" \"${PODS_ROOT}/Manifest.lock\" > /dev/null\nif [ $? != 0 ] ; then\n    # print error to STDERR\n    echo \"error: The sandbox is not in sync with the Podfile.lock. Run 'pod install' or update your CocoaPods installation.\" >&2\n    exit 1\nfi\n# This output is used by Xcode 'outputs' to avoid re-running this script phase.\necho \"SUCCESS\" > \"${SCRIPT_OUTPUT_FILE_0}\"\n";
			showEnvVarsInLog = 0;
		};
		17B2A46D611737C67B8FC6CD /* [CP] Copy Pods Resources */ = {
			isa = PBXShellScriptBuildPhase;
			buildActionMask = 2147483647;
			files = (
			);
			inputPaths = (
			);
			name = "[CP] Copy Pods Resources";
			outputPaths = (
			);
			runOnlyForDeploymentPostprocessing = 0;
			shellPath = /bin/sh;
			shellScript = "\"${SRCROOT}/Pods/Target Support Files/Pods-michikusaUITests/Pods-michikusaUITests-resources.sh\"\n";
			showEnvVarsInLog = 0;
		};
		6D377D4AD90CE47D0FBAD54F /* [CP] Copy Pods Resources */ = {
			isa = PBXShellScriptBuildPhase;
			buildActionMask = 2147483647;
			files = (
			);
			inputPaths = (
				"${SRCROOT}/Pods/Target Support Files/Pods-michikusa/Pods-michikusa-resources.sh",
				"${PODS_ROOT}/GoogleMaps/Maps/Frameworks/GoogleMaps.framework/Resources/GoogleMaps.bundle",
				"${PODS_ROOT}/GooglePlaces/Frameworks/GooglePlaces.framework/Resources/GooglePlaces.bundle",
			);
			name = "[CP] Copy Pods Resources";
			outputPaths = (
				"${TARGET_BUILD_DIR}/${UNLOCALIZED_RESOURCES_FOLDER_PATH}/GoogleMaps.bundle",
				"${TARGET_BUILD_DIR}/${UNLOCALIZED_RESOURCES_FOLDER_PATH}/GooglePlaces.bundle",
			);
			runOnlyForDeploymentPostprocessing = 0;
			shellPath = /bin/sh;
			shellScript = "\"${SRCROOT}/Pods/Target Support Files/Pods-michikusa/Pods-michikusa-resources.sh\"\n";
			showEnvVarsInLog = 0;
		};
		6DD300BEBE62058323523922 /* [CP] Embed Pods Frameworks */ = {
			isa = PBXShellScriptBuildPhase;
			buildActionMask = 2147483647;
			files = (
			);
			inputPaths = (
			);
			name = "[CP] Embed Pods Frameworks";
			outputPaths = (
			);
			runOnlyForDeploymentPostprocessing = 0;
			shellPath = /bin/sh;
			shellScript = "\"${SRCROOT}/Pods/Target Support Files/Pods-michikusaUITests/Pods-michikusaUITests-frameworks.sh\"\n";
			showEnvVarsInLog = 0;
		};
		909E9E30AA66F0FC81A1645C /* [CP] Check Pods Manifest.lock */ = {
			isa = PBXShellScriptBuildPhase;
			buildActionMask = 2147483647;
			files = (
			);
			inputPaths = (
				"${PODS_PODFILE_DIR_PATH}/Podfile.lock",
				"${PODS_ROOT}/Manifest.lock",
			);
			name = "[CP] Check Pods Manifest.lock";
			outputPaths = (
				"$(DERIVED_FILE_DIR)/Pods-michikusaUITests-checkManifestLockResult.txt",
			);
			runOnlyForDeploymentPostprocessing = 0;
			shellPath = /bin/sh;
			shellScript = "diff \"${PODS_PODFILE_DIR_PATH}/Podfile.lock\" \"${PODS_ROOT}/Manifest.lock\" > /dev/null\nif [ $? != 0 ] ; then\n    # print error to STDERR\n    echo \"error: The sandbox is not in sync with the Podfile.lock. Run 'pod install' or update your CocoaPods installation.\" >&2\n    exit 1\nfi\n# This output is used by Xcode 'outputs' to avoid re-running this script phase.\necho \"SUCCESS\" > \"${SCRIPT_OUTPUT_FILE_0}\"\n";
			showEnvVarsInLog = 0;
		};
		95771458A9C40C05170440A9 /* [CP] Embed Pods Frameworks */ = {
			isa = PBXShellScriptBuildPhase;
			buildActionMask = 2147483647;
			files = (
			);
			inputPaths = (
			);
			name = "[CP] Embed Pods Frameworks";
			outputPaths = (
			);
			runOnlyForDeploymentPostprocessing = 0;
			shellPath = /bin/sh;
			shellScript = "\"${SRCROOT}/Pods/Target Support Files/Pods-michikusaTests/Pods-michikusaTests-frameworks.sh\"\n";
			showEnvVarsInLog = 0;
		};
		D9EEE678A69B80998E1722F1 /* [CP] Embed Pods Frameworks */ = {
			isa = PBXShellScriptBuildPhase;
			buildActionMask = 2147483647;
			files = (
			);
			inputPaths = (
			);
			name = "[CP] Embed Pods Frameworks";
			outputPaths = (
			);
			runOnlyForDeploymentPostprocessing = 0;
			shellPath = /bin/sh;
			shellScript = "\"${SRCROOT}/Pods/Target Support Files/Pods-michikusa/Pods-michikusa-frameworks.sh\"\n";
			showEnvVarsInLog = 0;
		};
/* End PBXShellScriptBuildPhase section */

/* Begin PBXSourcesBuildPhase section */
		6461C567205E288B00ADE3BE /* Sources */ = {
			isa = PBXSourcesBuildPhase;
			buildActionMask = 2147483647;
			files = (
				64CB87562078B5F000B13FE9 /* RangeAndGenreViewController.swift in Sources */,
				6461C571205E288B00ADE3BE /* ViewController.swift in Sources */,
				64CB87582078B79900B13FE9 /* SelectMichikusaViewController.swift in Sources */,
				64CB87542078B29000B13FE9 /* NextViewController.swift in Sources */,
				6469F5E920941C2900597B44 /* PickerKeyboard.swift in Sources */,
				6461C56F205E288B00ADE3BE /* AppDelegate.swift in Sources */,
			);
			runOnlyForDeploymentPostprocessing = 0;
		};
		6461C57B205E288B00ADE3BE /* Sources */ = {
			isa = PBXSourcesBuildPhase;
			buildActionMask = 2147483647;
			files = (
				6461C584205E288B00ADE3BE /* michikusaTests.swift in Sources */,
			);
			runOnlyForDeploymentPostprocessing = 0;
		};
		6461C586205E288B00ADE3BE /* Sources */ = {
			isa = PBXSourcesBuildPhase;
			buildActionMask = 2147483647;
			files = (
				6461C58F205E288B00ADE3BE /* michikusaUITests.swift in Sources */,
			);
			runOnlyForDeploymentPostprocessing = 0;
		};
/* End PBXSourcesBuildPhase section */

/* Begin PBXTargetDependency section */
		6461C581205E288B00ADE3BE /* PBXTargetDependency */ = {
			isa = PBXTargetDependency;
			target = 6461C56A205E288B00ADE3BE /* michikusa */;
			targetProxy = 6461C580205E288B00ADE3BE /* PBXContainerItemProxy */;
		};
		6461C58C205E288B00ADE3BE /* PBXTargetDependency */ = {
			isa = PBXTargetDependency;
			target = 6461C56A205E288B00ADE3BE /* michikusa */;
			targetProxy = 6461C58B205E288B00ADE3BE /* PBXContainerItemProxy */;
		};
/* End PBXTargetDependency section */

/* Begin PBXVariantGroup section */
		6461C572205E288B00ADE3BE /* Main.storyboard */ = {
			isa = PBXVariantGroup;
			children = (
				6461C573205E288B00ADE3BE /* Base */,
			);
			name = Main.storyboard;
			sourceTree = "<group>";
		};
		6461C577205E288B00ADE3BE /* LaunchScreen.storyboard */ = {
			isa = PBXVariantGroup;
			children = (
				6461C578205E288B00ADE3BE /* Base */,
			);
			name = LaunchScreen.storyboard;
			sourceTree = "<group>";
		};
/* End PBXVariantGroup section */

/* Begin XCBuildConfiguration section */
		6461C591205E288B00ADE3BE /* Debug */ = {
			isa = XCBuildConfiguration;
			buildSettings = {
				ALWAYS_SEARCH_USER_PATHS = NO;
				CLANG_ANALYZER_NONNULL = YES;
				CLANG_ANALYZER_NUMBER_OBJECT_CONVERSION = YES_AGGRESSIVE;
				CLANG_CXX_LANGUAGE_STANDARD = "gnu++14";
				CLANG_CXX_LIBRARY = "libc++";
				CLANG_ENABLE_MODULES = YES;
				CLANG_ENABLE_OBJC_ARC = YES;
				CLANG_WARN_BLOCK_CAPTURE_AUTORELEASING = YES;
				CLANG_WARN_BOOL_CONVERSION = YES;
				CLANG_WARN_COMMA = YES;
				CLANG_WARN_CONSTANT_CONVERSION = YES;
				CLANG_WARN_DEPRECATED_OBJC_IMPLEMENTATIONS = YES;
				CLANG_WARN_DIRECT_OBJC_ISA_USAGE = YES_ERROR;
				CLANG_WARN_DOCUMENTATION_COMMENTS = YES;
				CLANG_WARN_EMPTY_BODY = YES;
				CLANG_WARN_ENUM_CONVERSION = YES;
				CLANG_WARN_INFINITE_RECURSION = YES;
				CLANG_WARN_INT_CONVERSION = YES;
				CLANG_WARN_NON_LITERAL_NULL_CONVERSION = YES;
				CLANG_WARN_OBJC_IMPLICIT_RETAIN_SELF = YES;
				CLANG_WARN_OBJC_LITERAL_CONVERSION = YES;
				CLANG_WARN_OBJC_ROOT_CLASS = YES_ERROR;
				CLANG_WARN_RANGE_LOOP_ANALYSIS = YES;
				CLANG_WARN_STRICT_PROTOTYPES = YES;
				CLANG_WARN_SUSPICIOUS_MOVE = YES;
				CLANG_WARN_UNGUARDED_AVAILABILITY = YES_AGGRESSIVE;
				CLANG_WARN_UNREACHABLE_CODE = YES;
				CLANG_WARN__DUPLICATE_METHOD_MATCH = YES;
				CODE_SIGN_IDENTITY = "iPhone Developer";
				COPY_PHASE_STRIP = NO;
				DEBUG_INFORMATION_FORMAT = dwarf;
				ENABLE_STRICT_OBJC_MSGSEND = YES;
				ENABLE_TESTABILITY = YES;
				GCC_C_LANGUAGE_STANDARD = gnu11;
				GCC_DYNAMIC_NO_PIC = NO;
				GCC_NO_COMMON_BLOCKS = YES;
				GCC_OPTIMIZATION_LEVEL = 0;
				GCC_PREPROCESSOR_DEFINITIONS = (
					"DEBUG=1",
					"$(inherited)",
				);
				GCC_WARN_64_TO_32_BIT_CONVERSION = YES;
				GCC_WARN_ABOUT_RETURN_TYPE = YES_ERROR;
				GCC_WARN_UNDECLARED_SELECTOR = YES;
				GCC_WARN_UNINITIALIZED_AUTOS = YES_AGGRESSIVE;
				GCC_WARN_UNUSED_FUNCTION = YES;
				GCC_WARN_UNUSED_VARIABLE = YES;
				IPHONEOS_DEPLOYMENT_TARGET = 11.3;
				MTL_ENABLE_DEBUG_INFO = YES;
				ONLY_ACTIVE_ARCH = YES;
				SDKROOT = iphoneos;
				SWIFT_ACTIVE_COMPILATION_CONDITIONS = DEBUG;
				SWIFT_OPTIMIZATION_LEVEL = "-Onone";
			};
			name = Debug;
		};
		6461C592205E288B00ADE3BE /* Release */ = {
			isa = XCBuildConfiguration;
			buildSettings = {
				ALWAYS_SEARCH_USER_PATHS = NO;
				CLANG_ANALYZER_NONNULL = YES;
				CLANG_ANALYZER_NUMBER_OBJECT_CONVERSION = YES_AGGRESSIVE;
				CLANG_CXX_LANGUAGE_STANDARD = "gnu++14";
				CLANG_CXX_LIBRARY = "libc++";
				CLANG_ENABLE_MODULES = YES;
				CLANG_ENABLE_OBJC_ARC = YES;
				CLANG_WARN_BLOCK_CAPTURE_AUTORELEASING = YES;
				CLANG_WARN_BOOL_CONVERSION = YES;
				CLANG_WARN_COMMA = YES;
				CLANG_WARN_CONSTANT_CONVERSION = YES;
				CLANG_WARN_DEPRECATED_OBJC_IMPLEMENTATIONS = YES;
				CLANG_WARN_DIRECT_OBJC_ISA_USAGE = YES_ERROR;
				CLANG_WARN_DOCUMENTATION_COMMENTS = YES;
				CLANG_WARN_EMPTY_BODY = YES;
				CLANG_WARN_ENUM_CONVERSION = YES;
				CLANG_WARN_INFINITE_RECURSION = YES;
				CLANG_WARN_INT_CONVERSION = YES;
				CLANG_WARN_NON_LITERAL_NULL_CONVERSION = YES;
				CLANG_WARN_OBJC_IMPLICIT_RETAIN_SELF = YES;
				CLANG_WARN_OBJC_LITERAL_CONVERSION = YES;
				CLANG_WARN_OBJC_ROOT_CLASS = YES_ERROR;
				CLANG_WARN_RANGE_LOOP_ANALYSIS = YES;
				CLANG_WARN_STRICT_PROTOTYPES = YES;
				CLANG_WARN_SUSPICIOUS_MOVE = YES;
				CLANG_WARN_UNGUARDED_AVAILABILITY = YES_AGGRESSIVE;
				CLANG_WARN_UNREACHABLE_CODE = YES;
				CLANG_WARN__DUPLICATE_METHOD_MATCH = YES;
				CODE_SIGN_IDENTITY = "iPhone Developer";
				COPY_PHASE_STRIP = NO;
				DEBUG_INFORMATION_FORMAT = "dwarf-with-dsym";
				ENABLE_NS_ASSERTIONS = NO;
				ENABLE_STRICT_OBJC_MSGSEND = YES;
				GCC_C_LANGUAGE_STANDARD = gnu11;
				GCC_NO_COMMON_BLOCKS = YES;
				GCC_WARN_64_TO_32_BIT_CONVERSION = YES;
				GCC_WARN_ABOUT_RETURN_TYPE = YES_ERROR;
				GCC_WARN_UNDECLARED_SELECTOR = YES;
				GCC_WARN_UNINITIALIZED_AUTOS = YES_AGGRESSIVE;
				GCC_WARN_UNUSED_FUNCTION = YES;
				GCC_WARN_UNUSED_VARIABLE = YES;
				IPHONEOS_DEPLOYMENT_TARGET = 11.3;
				MTL_ENABLE_DEBUG_INFO = NO;
				SDKROOT = iphoneos;
				SWIFT_OPTIMIZATION_LEVEL = "-Owholemodule";
				VALIDATE_PRODUCT = YES;
			};
			name = Release;
		};
		6461C594205E288B00ADE3BE /* Debug */ = {
			isa = XCBuildConfiguration;
			baseConfigurationReference = 2E0E719D36DB05431033C329 /* Pods-michikusa.debug.xcconfig */;
			buildSettings = {
				ASSETCATALOG_COMPILER_APPICON_NAME = AppIcon;
				CODE_SIGN_IDENTITY = "iPhone Developer";
				"CODE_SIGN_IDENTITY[sdk=iphoneos*]" = "iPhone Developer";
				CODE_SIGN_STYLE = Automatic;
				DEVELOPMENT_TEAM = FW7M92M475;
				INFOPLIST_FILE = michikusa/Info.plist;
				IPHONEOS_DEPLOYMENT_TARGET = 11.3;
				LD_RUNPATH_SEARCH_PATHS = "$(inherited) @executable_path/Frameworks";
				PRODUCT_BUNDLE_IDENTIFIER = mesreach.michikusa;
				PRODUCT_NAME = "$(TARGET_NAME)";
				PROVISIONING_PROFILE_SPECIFIER = "";
				SWIFT_VERSION = 4.0;
				TARGETED_DEVICE_FAMILY = 1;
			};
			name = Debug;
		};
		6461C595205E288B00ADE3BE /* Release */ = {
			isa = XCBuildConfiguration;
			baseConfigurationReference = 7E002ACF6704673D31284A7E /* Pods-michikusa.release.xcconfig */;
			buildSettings = {
				ASSETCATALOG_COMPILER_APPICON_NAME = AppIcon;
				CODE_SIGN_IDENTITY = "iPhone Developer";
				"CODE_SIGN_IDENTITY[sdk=iphoneos*]" = "iPhone Developer";
				CODE_SIGN_STYLE = Automatic;
				DEVELOPMENT_TEAM = FW7M92M475;
				INFOPLIST_FILE = michikusa/Info.plist;
				IPHONEOS_DEPLOYMENT_TARGET = 11.3;
				LD_RUNPATH_SEARCH_PATHS = "$(inherited) @executable_path/Frameworks";
				PRODUCT_BUNDLE_IDENTIFIER = mesreach.michikusa;
				PRODUCT_NAME = "$(TARGET_NAME)";
				PROVISIONING_PROFILE_SPECIFIER = "";
				SWIFT_VERSION = 4.0;
				TARGETED_DEVICE_FAMILY = 1;
			};
			name = Release;
		};
		6461C597205E288B00ADE3BE /* Debug */ = {
			isa = XCBuildConfiguration;
			baseConfigurationReference = B691C6CE21B0CA1B811C7A5F /* Pods-michikusaTests.debug.xcconfig */;
			buildSettings = {
				ALWAYS_EMBED_SWIFT_STANDARD_LIBRARIES = YES;
				BUNDLE_LOADER = "$(TEST_HOST)";
				CODE_SIGN_STYLE = Automatic;
				INFOPLIST_FILE = michikusaTests/Info.plist;
				LD_RUNPATH_SEARCH_PATHS = "$(inherited) @executable_path/Frameworks @loader_path/Frameworks";
				PRODUCT_BUNDLE_IDENTIFIER = mesreach.michikusaTests;
				PRODUCT_NAME = "$(TARGET_NAME)";
				SWIFT_VERSION = 4.0;
				TARGETED_DEVICE_FAMILY = "1,2";
				TEST_HOST = "$(BUILT_PRODUCTS_DIR)/michikusa.app/michikusa";
			};
			name = Debug;
		};
		6461C598205E288B00ADE3BE /* Release */ = {
			isa = XCBuildConfiguration;
			baseConfigurationReference = 6A4E70FE0E2611A7FCA31F90 /* Pods-michikusaTests.release.xcconfig */;
			buildSettings = {
				ALWAYS_EMBED_SWIFT_STANDARD_LIBRARIES = YES;
				BUNDLE_LOADER = "$(TEST_HOST)";
				CODE_SIGN_STYLE = Automatic;
				INFOPLIST_FILE = michikusaTests/Info.plist;
				LD_RUNPATH_SEARCH_PATHS = "$(inherited) @executable_path/Frameworks @loader_path/Frameworks";
				PRODUCT_BUNDLE_IDENTIFIER = mesreach.michikusaTests;
				PRODUCT_NAME = "$(TARGET_NAME)";
				SWIFT_VERSION = 4.0;
				TARGETED_DEVICE_FAMILY = "1,2";
				TEST_HOST = "$(BUILT_PRODUCTS_DIR)/michikusa.app/michikusa";
			};
			name = Release;
		};
		6461C59A205E288B00ADE3BE /* Debug */ = {
			isa = XCBuildConfiguration;
			baseConfigurationReference = 0696C07DC06679D1E94A3CAF /* Pods-michikusaUITests.debug.xcconfig */;
			buildSettings = {
				ALWAYS_EMBED_SWIFT_STANDARD_LIBRARIES = YES;
				CODE_SIGN_STYLE = Automatic;
				INFOPLIST_FILE = michikusaUITests/Info.plist;
				LD_RUNPATH_SEARCH_PATHS = "$(inherited) @executable_path/Frameworks @loader_path/Frameworks";
				PRODUCT_BUNDLE_IDENTIFIER = mesreach.michikusaUITests;
				PRODUCT_NAME = "$(TARGET_NAME)";
				SWIFT_VERSION = 4.0;
				TARGETED_DEVICE_FAMILY = "1,2";
				TEST_TARGET_NAME = michikusa;
			};
			name = Debug;
		};
		6461C59B205E288B00ADE3BE /* Release */ = {
			isa = XCBuildConfiguration;
			baseConfigurationReference = 924EBCE5880FFC5764786D80 /* Pods-michikusaUITests.release.xcconfig */;
			buildSettings = {
				ALWAYS_EMBED_SWIFT_STANDARD_LIBRARIES = YES;
				CODE_SIGN_STYLE = Automatic;
				INFOPLIST_FILE = michikusaUITests/Info.plist;
				LD_RUNPATH_SEARCH_PATHS = "$(inherited) @executable_path/Frameworks @loader_path/Frameworks";
				PRODUCT_BUNDLE_IDENTIFIER = mesreach.michikusaUITests;
				PRODUCT_NAME = "$(TARGET_NAME)";
				SWIFT_VERSION = 4.0;
				TARGETED_DEVICE_FAMILY = "1,2";
				TEST_TARGET_NAME = michikusa;
			};
			name = Release;
		};
/* End XCBuildConfiguration section */

/* Begin XCConfigurationList section */
		6461C566205E288B00ADE3BE /* Build configuration list for PBXProject "michikusa" */ = {
			isa = XCConfigurationList;
			buildConfigurations = (
				6461C591205E288B00ADE3BE /* Debug */,
				6461C592205E288B00ADE3BE /* Release */,
			);
			defaultConfigurationIsVisible = 0;
			defaultConfigurationName = Release;
		};
		6461C593205E288B00ADE3BE /* Build configuration list for PBXNativeTarget "michikusa" */ = {
			isa = XCConfigurationList;
			buildConfigurations = (
				6461C594205E288B00ADE3BE /* Debug */,
				6461C595205E288B00ADE3BE /* Release */,
			);
			defaultConfigurationIsVisible = 0;
			defaultConfigurationName = Release;
		};
		6461C596205E288B00ADE3BE /* Build configuration list for PBXNativeTarget "michikusaTests" */ = {
			isa = XCConfigurationList;
			buildConfigurations = (
				6461C597205E288B00ADE3BE /* Debug */,
				6461C598205E288B00ADE3BE /* Release */,
			);
			defaultConfigurationIsVisible = 0;
			defaultConfigurationName = Release;
		};
		6461C599205E288B00ADE3BE /* Build configuration list for PBXNativeTarget "michikusaUITests" */ = {
			isa = XCConfigurationList;
			buildConfigurations = (
				6461C59A205E288B00ADE3BE /* Debug */,
				6461C59B205E288B00ADE3BE /* Release */,
			);
			defaultConfigurationIsVisible = 0;
			defaultConfigurationName = Release;
		};
/* End XCConfigurationList section */
	};
	rootObject = 6461C563205E288B00ADE3BE /* Project object */;
}
